// !$*UTF8*$!
{
	archiveVersion = 1;
	classes = {
	};
	objectVersion = 56;
	objects = {

/* Begin PBXBuildFile section */
		551BBAFC2DC13C810042FED1 /* fish.swift in Sources */ = {isa = PBXBuildFile; fileRef = 551BBAFB2DC13C810042FED1 /* fish.swift */; };
		551BBAFE2DC13CAD0042FED1 /* frog.swift in Sources */ = {isa = PBXBuildFile; fileRef = 551BBAFD2DC13CAD0042FED1 /* frog.swift */; };
		551BBB002DC13CDD0042FED1 /* rat.swift in Sources */ = {isa = PBXBuildFile; fileRef = 551BBAFF2DC13CDD0042FED1 /* rat.swift */; };
		55C63E742DBFED3000EB931D /* ContentView.swift in Sources */ = {isa = PBXBuildFile; fileRef = 55C63E732DBFED3000EB931D /* ContentView.swift */; };
		55C63E762DBFED3400EB931D /* Assets.xcassets in Resources */ = {isa = PBXBuildFile; fileRef = 55C63E752DBFED3400EB931D /* Assets.xcassets */; };
		55C63E792DBFED3400EB931D /* Preview Assets.xcassets in Resources */ = {isa = PBXBuildFile; fileRef = 55C63E782DBFED3400EB931D /* Preview Assets.xcassets */; };
		55C63E802DBFEE3200EB931D /* CoreML101App.swift in Sources */ = {isa = PBXBuildFile; fileRef = 55C63E7F2DBFEE3200EB931D /* CoreML101App.swift */; };
		55C63E822DBFEE6000EB931D /* CoreMLViewModel.swift in Sources */ = {isa = PBXBuildFile; fileRef = 55C63E812DBFEE6000EB931D /* CoreMLViewModel.swift */; };
		55C63E862DBFF5D700EB931D /* RatFishFrog 1.mlmodel in Sources */ = {isa = PBXBuildFile; fileRef = 55C63E852DBFF5D700EB931D /* RatFishFrog 1.mlmodel */; };
		55C63E882DC017FC00EB931D /* TypeView.swift in Sources */ = {isa = PBXBuildFile; fileRef = 55C63E872DC017FC00EB931D /* TypeView.swift */; };
		55C63E8A2DC0185000EB931D /* MSNFrameApp.swift in Sources */ = {isa = PBXBuildFile; fileRef = 55C63E892DC0185000EB931D /* MSNFrameApp.swift */; };
/* End PBXBuildFile section */

/* Begin PBXFileReference section */
		551BBAFB2DC13C810042FED1 /* fish.swift */ = {isa = PBXFileReference; lastKnownFileType = sourcecode.swift; path = fish.swift; sourceTree = "<group>"; };
		551BBAFD2DC13CAD0042FED1 /* frog.swift */ = {isa = PBXFileReference; lastKnownFileType = sourcecode.swift; path = frog.swift; sourceTree = "<group>"; };
		551BBAFF2DC13CDD0042FED1 /* rat.swift */ = {isa = PBXFileReference; lastKnownFileType = sourcecode.swift; path = rat.swift; sourceTree = "<group>"; };
		55C63E6E2DBFED3000EB931D /* RatFishFrog.app */ = {isa = PBXFileReference; explicitFileType = wrapper.application; includeInIndex = 0; path = RatFishFrog.app; sourceTree = BUILT_PRODUCTS_DIR; };
		55C63E732DBFED3000EB931D /* ContentView.swift */ = {isa = PBXFileReference; lastKnownFileType = sourcecode.swift; path = ContentView.swift; sourceTree = "<group>"; };
		55C63E752DBFED3400EB931D /* Assets.xcassets */ = {isa = PBXFileReference; lastKnownFileType = folder.assetcatalog; path = Assets.xcassets; sourceTree = "<group>"; };
		55C63E782DBFED3400EB931D /* Preview Assets.xcassets */ = {isa = PBXFileReference; lastKnownFileType = folder.assetcatalog; path = "Preview Assets.xcassets"; sourceTree = "<group>"; };
		55C63E7F2DBFEE3200EB931D /* CoreML101App.swift */ = {isa = PBXFileReference; lastKnownFileType = sourcecode.swift; path = CoreML101App.swift; sourceTree = "<group>"; };
		55C63E812DBFEE6000EB931D /* CoreMLViewModel.swift */ = {isa = PBXFileReference; lastKnownFileType = sourcecode.swift; path = CoreMLViewModel.swift; sourceTree = "<group>"; };
		55C63E852DBFF5D700EB931D /* RatFishFrog 1.mlmodel */ = {isa = PBXFileReference; lastKnownFileType = file.mlmodel; path = "RatFishFrog 1.mlmodel"; sourceTree = "<group>"; };
		55C63E872DC017FC00EB931D /* TypeView.swift */ = {isa = PBXFileReference; lastKnownFileType = sourcecode.swift; path = TypeView.swift; sourceTree = "<group>"; };
		55C63E892DC0185000EB931D /* MSNFrameApp.swift */ = {isa = PBXFileReference; lastKnownFileType = sourcecode.swift; path = MSNFrameApp.swift; sourceTree = "<group>"; };
/* End PBXFileReference section */

/* Begin PBXFrameworksBuildPhase section */
		55C63E6B2DBFED3000EB931D /* Frameworks */ = {
			isa = PBXFrameworksBuildPhase;
			buildActionMask = 2147483647;
			files = (
			);
			runOnlyForDeploymentPostprocessing = 0;
		};
/* End PBXFrameworksBuildPhase section */

/* Begin PBXGroup section */
		55C63E652DBFED3000EB931D = {
			isa = PBXGroup;
			children = (
				55C63E702DBFED3000EB931D /* RatFishFrog */,
				55C63E6F2DBFED3000EB931D /* Products */,
			);
			sourceTree = "<group>";
		};
		55C63E6F2DBFED3000EB931D /* Products */ = {
			isa = PBXGroup;
			children = (
				55C63E6E2DBFED3000EB931D /* RatFishFrog.app */,
			);
			name = Products;
			sourceTree = "<group>";
		};
		55C63E702DBFED3000EB931D /* RatFishFrog */ = {
			isa = PBXGroup;
			children = (
				55C63E852DBFF5D700EB931D /* RatFishFrog 1.mlmodel */,
				55C63E732DBFED3000EB931D /* ContentView.swift */,
				55C63E872DC017FC00EB931D /* TypeView.swift */,
				55C63E892DC0185000EB931D /* MSNFrameApp.swift */,
				55C63E7F2DBFEE3200EB931D /* CoreML101App.swift */,
				55C63E812DBFEE6000EB931D /* CoreMLViewModel.swift */,
				551BBAFB2DC13C810042FED1 /* fish.swift */,
				551BBAFF2DC13CDD0042FED1 /* rat.swift */,
				551BBAFD2DC13CAD0042FED1 /* frog.swift */,
				55C63E752DBFED3400EB931D /* Assets.xcassets */,
				55C63E772DBFED3400EB931D /* Preview Content */,
			);
			path = RatFishFrog;
			sourceTree = "<group>";
		};
		55C63E772DBFED3400EB931D /* Preview Content */ = {
			isa = PBXGroup;
			children = (
				55C63E782DBFED3400EB931D /* Preview Assets.xcassets */,
			);
			path = "Preview Content";
			sourceTree = "<group>";
		};
/* End PBXGroup section */

/* Begin PBXNativeTarget section */
		55C63E6D2DBFED3000EB931D /* RatFishFrog */ = {
			isa = PBXNativeTarget;
			buildConfigurationList = 55C63E7C2DBFED3400EB931D /* Build configuration list for PBXNativeTarget "RatFishFrog" */;
			buildPhases = (
				55C63E6A2DBFED3000EB931D /* Sources */,
				55C63E6B2DBFED3000EB931D /* Frameworks */,
				55C63E6C2DBFED3000EB931D /* Resources */,
			);
			buildRules = (
			);
			dependencies = (
			);
			name = RatFishFrog;
			productName = RatFishFrog;
			productReference = 55C63E6E2DBFED3000EB931D /* RatFishFrog.app */;
			productType = "com.apple.product-type.application";
		};
/* End PBXNativeTarget section */

/* Begin PBXProject section */
		55C63E662DBFED3000EB931D /* Project object */ = {
			isa = PBXProject;
			attributes = {
				BuildIndependentTargetsInParallel = 1;
				LastSwiftUpdateCheck = 1520;
				LastUpgradeCheck = 1520;
				TargetAttributes = {
					55C63E6D2DBFED3000EB931D = {
						CreatedOnToolsVersion = 15.2;
					};
				};
			};
			buildConfigurationList = 55C63E692DBFED3000EB931D /* Build configuration list for PBXProject "RatFishFrog" */;
			compatibilityVersion = "Xcode 14.0";
			developmentRegion = en;
			hasScannedForEncodings = 0;
			knownRegions = (
				en,
				Base,
			);
			mainGroup = 55C63E652DBFED3000EB931D;
			productRefGroup = 55C63E6F2DBFED3000EB931D /* Products */;
			projectDirPath = "";
			projectRoot = "";
			targets = (
				55C63E6D2DBFED3000EB931D /* RatFishFrog */,
			);
		};
/* End PBXProject section */

/* Begin PBXResourcesBuildPhase section */
		55C63E6C2DBFED3000EB931D /* Resources */ = {
			isa = PBXResourcesBuildPhase;
			buildActionMask = 2147483647;
			files = (
				55C63E792DBFED3400EB931D /* Preview Assets.xcassets in Resources */,
				55C63E762DBFED3400EB931D /* Assets.xcassets in Resources */,
			);
			runOnlyForDeploymentPostprocessing = 0;
		};
/* End PBXResourcesBuildPhase section */

/* Begin PBXSourcesBuildPhase section */
		55C63E6A2DBFED3000EB931D /* Sources */ = {
			isa = PBXSourcesBuildPhase;
			buildActionMask = 2147483647;
			files = (
				55C63E882DC017FC00EB931D /* TypeView.swift in Sources */,
				551BBB002DC13CDD0042FED1 /* rat.swift in Sources */,
				55C63E742DBFED3000EB931D /* ContentView.swift in Sources */,
				55C63E8A2DC0185000EB931D /* MSNFrameApp.swift in Sources */,
				551BBAFE2DC13CAD0042FED1 /* frog.swift in Sources */,
				551BBAFC2DC13C810042FED1 /* fish.swift in Sources */,
				55C63E862DBFF5D700EB931D /* RatFishFrog 1.mlmodel in Sources */,
				55C63E802DBFEE3200EB931D /* CoreML101App.swift in Sources */,
				55C63E822DBFEE6000EB931D /* CoreMLViewModel.swift in Sources */,
			);
			runOnlyForDeploymentPostprocessing = 0;
		};
/* End PBXSourcesBuildPhase section */

/* Begin XCBuildConfiguration section */
		55C63E7A2DBFED3400EB931D /* Debug */ = {
			isa = XCBuildConfiguration;
			buildSettings = {
				ALWAYS_SEARCH_USER_PATHS = NO;
				ASSETCATALOG_COMPILER_GENERATE_SWIFT_ASSET_SYMBOL_EXTENSIONS = YES;
				CLANG_ANALYZER_NONNULL = YES;
				CLANG_ANALYZER_NUMBER_OBJECT_CONVERSION = YES_AGGRESSIVE;
				CLANG_CXX_LANGUAGE_STANDARD = "gnu++20";
				CLANG_ENABLE_MODULES = YES;
				CLANG_ENABLE_OBJC_ARC = YES;
				CLANG_ENABLE_OBJC_WEAK = YES;
				CLANG_WARN_BLOCK_CAPTURE_AUTORELEASING = YES;
				CLANG_WARN_BOOL_CONVERSION = YES;
				CLANG_WARN_COMMA = YES;
				CLANG_WARN_CONSTANT_CONVERSION = YES;
				CLANG_WARN_DEPRECATED_OBJC_IMPLEMENTATIONS = YES;
				CLANG_WARN_DIRECT_OBJC_ISA_USAGE = YES_ERROR;
				CLANG_WARN_DOCUMENTATION_COMMENTS = YES;
				CLANG_WARN_EMPTY_BODY = YES;
				CLANG_WARN_ENUM_CONVERSION = YES;
				CLANG_WARN_INFINITE_RECURSION = YES;
				CLANG_WARN_INT_CONVERSION = YES;
				CLANG_WARN_NON_LITERAL_NULL_CONVERSION = YES;
				CLANG_WARN_OBJC_IMPLICIT_RETAIN_SELF = YES;
				CLANG_WARN_OBJC_LITERAL_CONVERSION = YES;
				CLANG_WARN_OBJC_ROOT_CLASS = YES_ERROR;
				CLANG_WARN_QUOTED_INCLUDE_IN_FRAMEWORK_HEADER = YES;
				CLANG_WARN_RANGE_LOOP_ANALYSIS = YES;
				CLANG_WARN_STRICT_PROTOTYPES = YES;
				CLANG_WARN_SUSPICIOUS_MOVE = YES;
				CLANG_WARN_UNGUARDED_AVAILABILITY = YES_AGGRESSIVE;
				CLANG_WARN_UNREACHABLE_CODE = YES;
				CLANG_WARN__DUPLICATE_METHOD_MATCH = YES;
				COPY_PHASE_STRIP = NO;
				DEBUG_INFORMATION_FORMAT = dwarf;
				ENABLE_STRICT_OBJC_MSGSEND = YES;
				ENABLE_TESTABILITY = YES;
				ENABLE_USER_SCRIPT_SANDBOXING = YES;
				GCC_C_LANGUAGE_STANDARD = gnu17;
				GCC_DYNAMIC_NO_PIC = NO;
				GCC_NO_COMMON_BLOCKS = YES;
				GCC_OPTIMIZATION_LEVEL = 0;
				GCC_PREPROCESSOR_DEFINITIONS = (
					"DEBUG=1",
					"$(inherited)",
				);
				GCC_WARN_64_TO_32_BIT_CONVERSION = YES;
				GCC_WARN_ABOUT_RETURN_TYPE = YES_ERROR;
				GCC_WARN_UNDECLARED_SELECTOR = YES;
				GCC_WARN_UNINITIALIZED_AUTOS = YES_AGGRESSIVE;
				GCC_WARN_UNUSED_FUNCTION = YES;
				GCC_WARN_UNUSED_VARIABLE = YES;
				IPHONEOS_DEPLOYMENT_TARGET = 17.2;
				LOCALIZATION_PREFERS_STRING_CATALOGS = YES;
				MTL_ENABLE_DEBUG_INFO = INCLUDE_SOURCE;
				MTL_FAST_MATH = YES;
				ONLY_ACTIVE_ARCH = YES;
				SDKROOT = iphoneos;
				SWIFT_ACTIVE_COMPILATION_CONDITIONS = "DEBUG $(inherited)";
				SWIFT_OPTIMIZATION_LEVEL = "-Onone";
			};
			name = Debug;
		};
		55C63E7B2DBFED3400EB931D /* Release */ = {
			isa = XCBuildConfiguration;
			buildSettings = {
				ALWAYS_SEARCH_USER_PATHS = NO;
				ASSETCATALOG_COMPILER_GENERATE_SWIFT_ASSET_SYMBOL_EXTENSIONS = YES;
				CLANG_ANALYZER_NONNULL = YES;
				CLANG_ANALYZER_NUMBER_OBJECT_CONVERSION = YES_AGGRESSIVE;
				CLANG_CXX_LANGUAGE_STANDARD = "gnu++20";
				CLANG_ENABLE_MODULES = YES;
				CLANG_ENABLE_OBJC_ARC = YES;
				CLANG_ENABLE_OBJC_WEAK = YES;
				CLANG_WARN_BLOCK_CAPTURE_AUTORELEASING = YES;
				CLANG_WARN_BOOL_CONVERSION = YES;
				CLANG_WARN_COMMA = YES;
				CLANG_WARN_CONSTANT_CONVERSION = YES;
				CLANG_WARN_DEPRECATED_OBJC_IMPLEMENTATIONS = YES;
				CLANG_WARN_DIRECT_OBJC_ISA_USAGE = YES_ERROR;
				CLANG_WARN_DOCUMENTATION_COMMENTS = YES;
				CLANG_WARN_EMPTY_BODY = YES;
				CLANG_WARN_ENUM_CONVERSION = YES;
				CLANG_WARN_INFINITE_RECURSION = YES;
				CLANG_WARN_INT_CONVERSION = YES;
				CLANG_WARN_NON_LITERAL_NULL_CONVERSION = YES;
				CLANG_WARN_OBJC_IMPLICIT_RETAIN_SELF = YES;
				CLANG_WARN_OBJC_LITERAL_CONVERSION = YES;
				CLANG_WARN_OBJC_ROOT_CLASS = YES_ERROR;
				CLANG_WARN_QUOTED_INCLUDE_IN_FRAMEWORK_HEADER = YES;
				CLANG_WARN_RANGE_LOOP_ANALYSIS = YES;
				CLANG_WARN_STRICT_PROTOTYPES = YES;
				CLANG_WARN_SUSPICIOUS_MOVE = YES;
				CLANG_WARN_UNGUARDED_AVAILABILITY = YES_AGGRESSIVE;
				CLANG_WARN_UNREACHABLE_CODE = YES;
				CLANG_WARN__DUPLICATE_METHOD_MATCH = YES;
				COPY_PHASE_STRIP = NO;
				DEBUG_INFORMATION_FORMAT = "dwarf-with-dsym";
				ENABLE_NS_ASSERTIONS = NO;
				ENABLE_STRICT_OBJC_MSGSEND = YES;
				ENABLE_USER_SCRIPT_SANDBOXING = YES;
				GCC_C_LANGUAGE_STANDARD = gnu17;
				GCC_NO_COMMON_BLOCKS = YES;
				GCC_WARN_64_TO_32_BIT_CONVERSION = YES;
				GCC_WARN_ABOUT_RETURN_TYPE = YES_ERROR;
				GCC_WARN_UNDECLARED_SELECTOR = YES;
				GCC_WARN_UNINITIALIZED_AUTOS = YES_AGGRESSIVE;
				GCC_WARN_UNUSED_FUNCTION = YES;
				GCC_WARN_UNUSED_VARIABLE = YES;
				IPHONEOS_DEPLOYMENT_TARGET = 17.2;
				LOCALIZATION_PREFERS_STRING_CATALOGS = YES;
				MTL_ENABLE_DEBUG_INFO = NO;
				MTL_FAST_MATH = YES;
				SDKROOT = iphoneos;
				SWIFT_COMPILATION_MODE = wholemodule;
				VALIDATE_PRODUCT = YES;
			};
			name = Release;
		};
		55C63E7D2DBFED3400EB931D /* Debug */ = {
			isa = XCBuildConfiguration;
			buildSettings = {
				ASSETCATALOG_COMPILER_APPICON_NAME = AppIcon;
				ASSETCATALOG_COMPILER_GLOBAL_ACCENT_COLOR_NAME = AccentColor;
				CODE_SIGN_STYLE = Automatic;
				CURRENT_PROJECT_VERSION = 1;
				DEVELOPMENT_ASSET_PATHS = "\"RatFishFrog/Preview Content\"";
				DEVELOPMENT_TEAM = LYS5H76F6T;
				ENABLE_PREVIEWS = YES;
				GENERATE_INFOPLIST_FILE = YES;
				INFOPLIST_FILE = RatFishFrog/Info.plist;
				INFOPLIST_KEY_UIApplicationSceneManifest_Generation = YES;
				INFOPLIST_KEY_UIApplicationSupportsIndirectInputEvents = YES;
				INFOPLIST_KEY_UISupportedInterfaceOrientations = "UIInterfaceOrientationLandscapeLeft UIInterfaceOrientationLandscapeRight UIInterfaceOrientationPortrait UIInterfaceOrientationPortraitUpsideDown";
				LD_RUNPATH_SEARCH_PATHS = (
					"$(inherited)",
					"@executable_path/Frameworks",
				);
				MARKETING_VERSION = 1.0;
				PRODUCT_BUNDLE_IDENTIFIER = "Ana-Eduarda-Gisele.RatFishFrog";
				PRODUCT_NAME = "$(TARGET_NAME)";
				SWIFT_EMIT_LOC_STRINGS = YES;
				SWIFT_VERSION = 5.0;
				TARGETED_DEVICE_FAMILY = "1,2";
			};
			name = Debug;
		};
		55C63E7E2DBFED3400EB931D /* Release */ = {
			isa = XCBuildConfiguration;
			buildSettings = {
				ASSETCATALOG_COMPILER_APPICON_NAME = AppIcon;
				ASSETCATALOG_COMPILER_GLOBAL_ACCENT_COLOR_NAME = AccentColor;
				CODE_SIGN_STYLE = Automatic;
				CURRENT_PROJECT_VERSION = 1;
				DEVELOPMENT_ASSET_PATHS = "\"RatFishFrog/Preview Content\"";
				DEVELOPMENT_TEAM = LYS5H76F6T;
				ENABLE_PREVIEWS = YES;
				GENERATE_INFOPLIST_FILE = YES;
				INFOPLIST_FILE = RatFishFrog/Info.plist;
				INFOPLIST_KEY_UIApplicationSceneManifest_Generation = YES;
				INFOPLIST_KEY_UIApplicationSupportsIndirectInputEvents = YES;
				INFOPLIST_KEY_UISupportedInterfaceOrientations = "UIInterfaceOrientationLandscapeLeft UIInterfaceOrientationLandscapeRight UIInterfaceOrientationPortrait UIInterfaceOrientationPortraitUpsideDown";
				LD_RUNPATH_SEARCH_PATHS = (
					"$(inherited)",
					"@executable_path/Frameworks",
				);
				MARKETING_VERSION = 1.0;
				PRODUCT_BUNDLE_IDENTIFIER = "Ana-Eduarda-Gisele.RatFishFrog";
				PRODUCT_NAME = "$(TARGET_NAME)";
				SWIFT_EMIT_LOC_STRINGS = YES;
				SWIFT_VERSION = 5.0;
				TARGETED_DEVICE_FAMILY = "1,2";
			};
			name = Release;
		};
/* End XCBuildConfiguration section */

/* Begin XCConfigurationList section */
		55C63E692DBFED3000EB931D /* Build configuration list for PBXProject "RatFishFrog" */ = {
			isa = XCConfigurationList;
			buildConfigurations = (
				55C63E7A2DBFED3400EB931D /* Debug */,
				55C63E7B2DBFED3400EB931D /* Release */,
			);
			defaultConfigurationIsVisible = 0;
			defaultConfigurationName = Release;
		};
		55C63E7C2DBFED3400EB931D /* Build configuration list for PBXNativeTarget "RatFishFrog" */ = {
			isa = XCConfigurationList;
			buildConfigurations = (
				55C63E7D2DBFED3400EB931D /* Debug */,
				55C63E7E2DBFED3400EB931D /* Release */,
			);
			defaultConfigurationIsVisible = 0;
			defaultConfigurationName = Release;
		};
/* End XCConfigurationList section */
	};
	rootObject = 55C63E662DBFED3000EB931D /* Project object */;
}
